
Microsoft Visual Studio Solution File, Format Version 12.00
# Visual Studio 15
VisualStudioVersion = 15.0.27130.0
MinimumVisualStudioVersion = 10.0.40219.1
Project("{2150E333-8FDC-42A3-9474-1A3956D46DE8}") = "Wrong", "Wrong", "{055E481A-04E7-40D6-B162-531B3FD1C442}"
EndProject
Project("{2150E333-8FDC-42A3-9474-1A3956D46DE8}") = "Right", "Right", "{734461E1-7A2E-40B1-B4DF-F8D3FB3632DE}"
EndProject
Project("{9A19103F-16F7-4668-BE54-9A1E7A4F7556}") = "LetterIWrong", "LetterIWrong\LetterIWrong.csproj", "{15C6C159-15C9-48DA-8F64-28A43DE0259B}"
EndProject
Project("{9A19103F-16F7-4668-BE54-9A1E7A4F7556}") = "LetterIRight", "LetterIRight\LetterIRight.csproj", "{523B0435-42EB-405F-BB28-60C51122BB3C}"
EndProject
Global
	GlobalSection(SolutionConfigurationPlatforms) = preSolution
		Debug|Any CPU = Debug|Any CPU
		Release|Any CPU = Release|Any CPU
	EndGlobalSection
	GlobalSection(ProjectConfigurationPlatforms) = postSolution
		{15C6C159-15C9-48DA-8F64-28A43DE0259B}.Debug|Any CPU.ActiveCfg = Debug|Any CPU
		{15C6C159-15C9-48DA-8F64-28A43DE0259B}.Debug|Any CPU.Build.0 = Debug|Any CPU
		{15C6C159-15C9-48DA-8F64-28A43DE0259B}.Release|Any CPU.ActiveCfg = Release|Any CPU
		{15C6C159-15C9-48DA-8F64-28A43DE0259B}.Release|Any CPU.Build.0 = Release|Any CPU
		{523B0435-42EB-405F-BB28-60C51122BB3C}.Debug|Any CPU.ActiveCfg = Debug|Any CPU
		{523B0435-42EB-405F-BB28-60C51122BB3C}.Debug|Any CPU.Build.0 = Debug|Any CPU
		{523B0435-42EB-405F-BB28-60C51122BB3C}.Release|Any CPU.ActiveCfg = Release|Any CPU
		{523B0435-42EB-405F-BB28-60C51122BB3C}.Release|Any CPU.Build.0 = Release|Any CPU
	EndGlobalSection
	GlobalSection(SolutionProperties) = preSolution
		HideSolutionNode = FALSE
	EndGlobalSection
	GlobalSection(NestedProjects) = preSolution
		{15C6C159-15C9-48DA-8F64-28A43DE0259B} = {055E481A-04E7-40D6-B162-531B3FD1C442}
		{523B0435-42EB-405F-BB28-60C51122BB3C} = {734461E1-7A2E-40B1-B4DF-F8D3FB3632DE}
	EndGlobalSection
	GlobalSection(ExtensibilityGlobals) = postSolution
		SolutionGuid = {DC2FED2C-407B-4977-963A-6044BE17536B}
	EndGlobalSection
EndGlobal
