
Microsoft Visual Studio Solution File, Format Version 12.00
# Visual Studio 15
VisualStudioVersion = 15.0.27130.0
MinimumVisualStudioVersion = 10.0.40219.1
Project("{9A19103F-16F7-4668-BE54-9A1E7A4F7556}") = "LetterOWrong", "LetterOWrong\LetterOWrong.csproj", "{697B6474-20EF-41AA-B217-D283AD5FBE4B}"
EndProject
Project("{9A19103F-16F7-4668-BE54-9A1E7A4F7556}") = "LetterORight", "LetterORight\LetterORight.csproj", "{599CF544-FD62-4963-B24B-08DCB6BA24B8}"
EndProject
Project("{2150E333-8FDC-42A3-9474-1A3956D46DE8}") = "Wrong", "Wrong", "{055E481A-04E7-40D6-B162-531B3FD1C442}"
EndProject
Project("{2150E333-8FDC-42A3-9474-1A3956D46DE8}") = "Right", "Right", "{734461E1-7A2E-40B1-B4DF-F8D3FB3632DE}"
EndProject
Global
	GlobalSection(SolutionConfigurationPlatforms) = preSolution
		Debug|Any CPU = Debug|Any CPU
		Release|Any CPU = Release|Any CPU
	EndGlobalSection
	GlobalSection(ProjectConfigurationPlatforms) = postSolution
		{697B6474-20EF-41AA-B217-D283AD5FBE4B}.Debug|Any CPU.ActiveCfg = Debug|Any CPU
		{697B6474-20EF-41AA-B217-D283AD5FBE4B}.Debug|Any CPU.Build.0 = Debug|Any CPU
		{697B6474-20EF-41AA-B217-D283AD5FBE4B}.Release|Any CPU.ActiveCfg = Release|Any CPU
		{697B6474-20EF-41AA-B217-D283AD5FBE4B}.Release|Any CPU.Build.0 = Release|Any CPU
		{599CF544-FD62-4963-B24B-08DCB6BA24B8}.Debug|Any CPU.ActiveCfg = Debug|Any CPU
		{599CF544-FD62-4963-B24B-08DCB6BA24B8}.Debug|Any CPU.Build.0 = Debug|Any CPU
		{599CF544-FD62-4963-B24B-08DCB6BA24B8}.Release|Any CPU.ActiveCfg = Release|Any CPU
		{599CF544-FD62-4963-B24B-08DCB6BA24B8}.Release|Any CPU.Build.0 = Release|Any CPU
	EndGlobalSection
	GlobalSection(SolutionProperties) = preSolution
		HideSolutionNode = FALSE
	EndGlobalSection
	GlobalSection(NestedProjects) = preSolution
		{697B6474-20EF-41AA-B217-D283AD5FBE4B} = {055E481A-04E7-40D6-B162-531B3FD1C442}
		{599CF544-FD62-4963-B24B-08DCB6BA24B8} = {734461E1-7A2E-40B1-B4DF-F8D3FB3632DE}
	EndGlobalSection
	GlobalSection(ExtensibilityGlobals) = postSolution
		SolutionGuid = {DC2FED2C-407B-4977-963A-6044BE17536B}
	EndGlobalSection
EndGlobal
